# This file is automatically @generated by Cargo.
# It is not intended for manual editing.
version = 4

[[package]]
name = "fork"
version = "0.2.0"
source = "registry+https://github.com/rust-lang/crates.io-index"
checksum = "05dc8b302e04a1c27f4fe694439ef0f29779ca4edc205b7b58f00db04e29656d"
dependencies = [
 "libc",
]

[[package]]
name = "fzf-runner"
version = "1.0.0"
dependencies = [
 "fork",
]

[[package]]
name = "libc"
version = "0.2.171"
source = "registry+https://github.com/rust-lang/crates.io-index"
checksum = "c19937216e9d3aa9956d9bb8dfc0b0c8beb6058fc4f7a4dc4d850edf86a237d6"
