# This file is automatically @generated by Cargo.
# It is not intended for manual editing.
version = 3

[[package]]
name = "fork"
version = "0.2.0"
source = "registry+https://github.com/rust-lang/crates.io-index"
checksum = "05dc8b302e04a1c27f4fe694439ef0f29779ca4edc205b7b58f00db04e29656d"
dependencies = [
 "libc",
]

[[package]]
name = "fzf-runner"
version = "1.0.0"
dependencies = [
 "fork",
]

[[package]]
name = "libc"
version = "0.2.161"
source = "registry+https://github.com/rust-lang/crates.io-index"
checksum = "8e9489c2807c139ffd9c1794f4af0ebe86a828db53ecdc7fea2111d0fed085d1"
